
Microsoft Visual Studio Solution File, Format Version 12.00
# Visual Studio 15
VisualStudioVersion = 15.0.28307.421
MinimumVisualStudioVersion = 10.0.40219.1
Project("{FAE04EC0-301F-11D3-BF4B-00C04F79EFBC}") = "Currency", "Currency\Currency.csproj", "{BF94CEC1-7AF3-4E30-998E-08443FC71113}"
EndProject
Global
	GlobalSection(SolutionConfigurationPlatforms) = preSolution
		Debug|Any CPU = Debug|Any CPU
		Release|Any CPU = Release|Any CPU
	EndGlobalSection
	GlobalSection(ProjectConfigurationPlatforms) = postSolution
		{BF94CEC1-7AF3-4E30-998E-08443FC71113}.Debug|Any CPU.ActiveCfg = Debug|Any CPU
		{BF94CEC1-7AF3-4E30-998E-08443FC71113}.Debug|Any CPU.Build.0 = Debug|Any CPU
		{BF94CEC1-7AF3-4E30-998E-08443FC71113}.Release|Any CPU.ActiveCfg = Release|Any CPU
		{BF94CEC1-7AF3-4E30-998E-08443FC71113}.Release|Any CPU.Build.0 = Release|Any CPU
	EndGlobalSection
	GlobalSection(SolutionProperties) = preSolution
		HideSolutionNode = FALSE
	EndGlobalSection
	GlobalSection(ExtensibilityGlobals) = postSolution
		SolutionGuid = {0AE29F82-740F-4877-B9B0-AAB92A05899F}
	EndGlobalSection
EndGlobal
